
Microsoft Visual Studio Solution File, Format Version 11.00
# Visual Studio 2010
Project("{FAE04EC0-301F-11D3-BF4B-00C04F79EFBC}") = "mraSharp", "mraSharp\mraSharp.csproj", "{2764F696-7774-4731-9AD4-9A3D445DF8A3}"
EndProject
Project("{FAE04EC0-301F-11D3-BF4B-00C04F79EFBC}") = "mangaDatabaseEditor", "mangaDatabaseEditor\mangaDatabaseEditor.csproj", "{99CA0B56-D63B-482D-9731-C55B3F0E3A97}"
	ProjectSection(ProjectDependencies) = postProject
		{2764F696-7774-4731-9AD4-9A3D445DF8A3} = {2764F696-7774-4731-9AD4-9A3D445DF8A3}
	EndProjectSection
EndProject
Project("{FAE04EC0-301F-11D3-BF4B-00C04F79EFBC}") = "oldFormatImporter", "oldFormatImporter\oldFormatImporter.csproj", "{ECDB7B17-7934-47F5-90EC-52A946011A74}"
	ProjectSection(ProjectDependencies) = postProject
		{2764F696-7774-4731-9AD4-9A3D445DF8A3} = {2764F696-7774-4731-9AD4-9A3D445DF8A3}
	EndProjectSection
EndProject
Global
	GlobalSection(SubversionScc) = preSolution
		Svn-Managed = True
		Manager = AnkhSVN - Subversion Support for Visual Studio
	EndGlobalSection
	GlobalSection(SolutionConfigurationPlatforms) = preSolution
		Debug|x86 = Debug|x86
		Release|x86 = Release|x86
	EndGlobalSection
	GlobalSection(ProjectConfigurationPlatforms) = postSolution
		{2764F696-7774-4731-9AD4-9A3D445DF8A3}.Debug|x86.ActiveCfg = Debug|x86
		{2764F696-7774-4731-9AD4-9A3D445DF8A3}.Debug|x86.Build.0 = Debug|x86
		{2764F696-7774-4731-9AD4-9A3D445DF8A3}.Release|x86.ActiveCfg = Release|x86
		{2764F696-7774-4731-9AD4-9A3D445DF8A3}.Release|x86.Build.0 = Release|x86
		{99CA0B56-D63B-482D-9731-C55B3F0E3A97}.Debug|x86.ActiveCfg = Debug|x86
		{99CA0B56-D63B-482D-9731-C55B3F0E3A97}.Debug|x86.Build.0 = Debug|x86
		{99CA0B56-D63B-482D-9731-C55B3F0E3A97}.Release|x86.ActiveCfg = Release|x86
		{99CA0B56-D63B-482D-9731-C55B3F0E3A97}.Release|x86.Build.0 = Release|x86
		{ECDB7B17-7934-47F5-90EC-52A946011A74}.Debug|x86.ActiveCfg = Debug|x86
		{ECDB7B17-7934-47F5-90EC-52A946011A74}.Debug|x86.Build.0 = Debug|x86
		{ECDB7B17-7934-47F5-90EC-52A946011A74}.Release|x86.ActiveCfg = Release|x86
		{ECDB7B17-7934-47F5-90EC-52A946011A74}.Release|x86.Build.0 = Release|x86
	EndGlobalSection
	GlobalSection(SolutionProperties) = preSolution
		HideSolutionNode = FALSE
	EndGlobalSection
	GlobalSection(ExtensibilityGlobals) = postSolution
		BuildVersion_AssemblyInfoFilename = mraSharp\Properties\AssemblyInfo.cs
		BuildVersion_UseGlobalSettings = True
	EndGlobalSection
EndGlobal
